PODS:
  - FMDB (2.7.5):
    - FMDB/standard (= 2.7.5)
  - FMDB/standard (2.7.5)
  - RegexKitLite (4.0)

DEPENDENCIES:
  - FMDB (~> 2.1)
  - RegexKitLite (from `Vendor/RegexKitLite`)

SPEC REPOS:
  trunk:
    - FMDB

EXTERNAL SOURCES:
  RegexKitLite:
    :path: Vendor/RegexKitLite

SPEC CHECKSUMS:
  FMDB: 2ce00b547f966261cd18927a3ddb07cb6f3db82a
  RegexKitLite: 828a00048053fb9b190f5264ca0d6029b9f38b39

PODFILE CHECKSUM: a84ccffc42810c6ac0e2d88ea629fdfcc4dc6b90

COCOAPODS: 1.17.0
